// !$*UTF8*$!
{
	archiveVersion = 1;
	classes = {
	};
	objectVersion = 46;
	objects = {

/* Begin PBXBuildFile section */
		3F051B2919663D7600FC346D /* TwitterClient.m in Sources */ = {isa = PBXBuildFile; fileRef = 3F051B2819663D7600FC346D /* TwitterClient.m */; };
		3F6AA842196A168A00422C5F /* GGZLoginViewController.m in Sources */ = {isa = PBXBuildFile; fileRef = 3F6AA840196A168A00422C5F /* GGZLoginViewController.m */; };
		3F6AA843196A168A00422C5F /* GGZLoginViewController.xib in Resources */ = {isa = PBXBuildFile; fileRef = 3F6AA841196A168A00422C5F /* GGZLoginViewController.xib */; };
		3F6AA846196A3BEA00422C5F /* NSURL+dictionaryFromQueryString.m in Sources */ = {isa = PBXBuildFile; fileRef = 3F6AA845196A3BEA00422C5F /* NSURL+dictionaryFromQueryString.m */; };
		3F6AA84A196A7BA400422C5F /* User.m in Sources */ = {isa = PBXBuildFile; fileRef = 3F6AA849196A7BA400422C5F /* User.m */; };
		3F6AA84E196A87E200422C5F /* GGZTimelineViewController.m in Sources */ = {isa = PBXBuildFile; fileRef = 3F6AA84C196A87E200422C5F /* GGZTimelineViewController.m */; };
		3F6AA84F196A87E200422C5F /* GGZTimelineViewController.xib in Resources */ = {isa = PBXBuildFile; fileRef = 3F6AA84D196A87E200422C5F /* GGZTimelineViewController.xib */; };
		3F6AA853196A882C00422C5F /* GGZTweetCellTableViewCell.m in Sources */ = {isa = PBXBuildFile; fileRef = 3F6AA851196A882C00422C5F /* GGZTweetCellTableViewCell.m */; };
		3F6AA854196A882C00422C5F /* GGZTweetCellTableViewCell.xib in Resources */ = {isa = PBXBuildFile; fileRef = 3F6AA852196A882C00422C5F /* GGZTweetCellTableViewCell.xib */; };
		3FAABF72196B3C4C00E22A33 /* TwitterDateUtil.m in Sources */ = {isa = PBXBuildFile; fileRef = 3FAABF71196B3C4C00E22A33 /* TwitterDateUtil.m */; };
		3FAABF75196B621200E22A33 /* RestObject.m in Sources */ = {isa = PBXBuildFile; fileRef = 3FAABF74196B621200E22A33 /* RestObject.m */; };
		3FAABF79196B871200E22A33 /* GGZTweetViewController.m in Sources */ = {isa = PBXBuildFile; fileRef = 3FAABF77196B871200E22A33 /* GGZTweetViewController.m */; };
		3FAABF7A196B871200E22A33 /* GGZTweetViewController.xib in Resources */ = {isa = PBXBuildFile; fileRef = 3FAABF78196B871200E22A33 /* GGZTweetViewController.xib */; };
		3FAABF7E196C9FEF00E22A33 /* GGZComposeViewController.m in Sources */ = {isa = PBXBuildFile; fileRef = 3FAABF7C196C9FEF00E22A33 /* GGZComposeViewController.m */; };
		3FAABF7F196C9FEF00E22A33 /* GGZComposeViewController.xib in Resources */ = {isa = PBXBuildFile; fileRef = 3FAABF7D196C9FEF00E22A33 /* GGZComposeViewController.xib */; };
		3FBB5F3419662EA40068CD2A /* Foundation.framework in Frameworks */ = {isa = PBXBuildFile; fileRef = 3FBB5F3319662EA40068CD2A /* Foundation.framework */; };
		3FBB5F3619662EA40068CD2A /* CoreGraphics.framework in Frameworks */ = {isa = PBXBuildFile; fileRef = 3FBB5F3519662EA40068CD2A /* CoreGraphics.framework */; };
		3FBB5F3819662EA40068CD2A /* UIKit.framework in Frameworks */ = {isa = PBXBuildFile; fileRef = 3FBB5F3719662EA40068CD2A /* UIKit.framework */; };
		3FBB5F3E19662EA40068CD2A /* InfoPlist.strings in Resources */ = {isa = PBXBuildFile; fileRef = 3FBB5F3C19662EA40068CD2A /* InfoPlist.strings */; };
		3FBB5F4019662EA40068CD2A /* main.m in Sources */ = {isa = PBXBuildFile; fileRef = 3FBB5F3F19662EA40068CD2A /* main.m */; };
		3FBB5F4419662EA40068CD2A /* GGZAppDelegate.m in Sources */ = {isa = PBXBuildFile; fileRef = 3FBB5F4319662EA40068CD2A /* GGZAppDelegate.m */; };
		3FBB5F4619662EA40068CD2A /* Images.xcassets in Resources */ = {isa = PBXBuildFile; fileRef = 3FBB5F4519662EA40068CD2A /* Images.xcassets */; };
		3FBB5F4D19662EA40068CD2A /* XCTest.framework in Frameworks */ = {isa = PBXBuildFile; fileRef = 3FBB5F4C19662EA40068CD2A /* XCTest.framework */; };
		3FBB5F4E19662EA40068CD2A /* Foundation.framework in Frameworks */ = {isa = PBXBuildFile; fileRef = 3FBB5F3319662EA40068CD2A /* Foundation.framework */; };
		3FBB5F4F19662EA40068CD2A /* UIKit.framework in Frameworks */ = {isa = PBXBuildFile; fileRef = 3FBB5F3719662EA40068CD2A /* UIKit.framework */; };
		3FBB5F5719662EA40068CD2A /* InfoPlist.strings in Resources */ = {isa = PBXBuildFile; fileRef = 3FBB5F5519662EA40068CD2A /* InfoPlist.strings */; };
		3FBB5F5919662EA40068CD2A /* TwitterClientTests.m in Sources */ = {isa = PBXBuildFile; fileRef = 3FBB5F5819662EA40068CD2A /* TwitterClientTests.m */; };
		C76AB54676B04223BCC3DD7F /* libPods-TwitterClient.a in Frameworks */ = {isa = PBXBuildFile; fileRef = C1628BA8CC5544A0AFA7F0F8 /* libPods-TwitterClient.a */; };
/* End PBXBuildFile section */

/* Begin PBXContainerItemProxy section */
		3FBB5F5019662EA40068CD2A /* PBXContainerItemProxy */ = {
			isa = PBXContainerItemProxy;
			containerPortal = 3FBB5F2819662EA40068CD2A /* Project object */;
			proxyType = 1;
			remoteGlobalIDString = 3FBB5F2F19662EA40068CD2A;
			remoteInfo = TwitterClient;
		};
/* End PBXContainerItemProxy section */

/* Begin PBXFileReference section */
		097583675B2146B2971DABE6 /* Pods-TwitterClient.xcconfig */ = {isa = PBXFileReference; includeInIndex = 1; lastKnownFileType = text.xcconfig; name = "Pods-TwitterClient.xcconfig"; path = "Pods/Pods-TwitterClient.xcconfig"; sourceTree = "<group>"; };
		3F051B2719663D7600FC346D /* TwitterClient.h */ = {isa = PBXFileReference; fileEncoding = 4; lastKnownFileType = sourcecode.c.h; path = TwitterClient.h; sourceTree = "<group>"; };
		3F051B2819663D7600FC346D /* TwitterClient.m */ = {isa = PBXFileReference; fileEncoding = 4; lastKnownFileType = sourcecode.c.objc; path = TwitterClient.m; sourceTree = "<group>"; };
		3F6AA83F196A168A00422C5F /* GGZLoginViewController.h */ = {isa = PBXFileReference; fileEncoding = 4; lastKnownFileType = sourcecode.c.h; path = GGZLoginViewController.h; sourceTree = "<group>"; };
		3F6AA840196A168A00422C5F /* GGZLoginViewController.m */ = {isa = PBXFileReference; fileEncoding = 4; lastKnownFileType = sourcecode.c.objc; path = GGZLoginViewController.m; sourceTree = "<group>"; };
		3F6AA841196A168A00422C5F /* GGZLoginViewController.xib */ = {isa = PBXFileReference; fileEncoding = 4; lastKnownFileType = file.xib; path = GGZLoginViewController.xib; sourceTree = "<group>"; };
		3F6AA844196A3BEA00422C5F /* NSURL+dictionaryFromQueryString.h */ = {isa = PBXFileReference; fileEncoding = 4; lastKnownFileType = sourcecode.c.h; path = "NSURL+dictionaryFromQueryString.h"; sourceTree = "<group>"; };
		3F6AA845196A3BEA00422C5F /* NSURL+dictionaryFromQueryString.m */ = {isa = PBXFileReference; fileEncoding = 4; lastKnownFileType = sourcecode.c.objc; path = "NSURL+dictionaryFromQueryString.m"; sourceTree = "<group>"; };
		3F6AA848196A7BA400422C5F /* User.h */ = {isa = PBXFileReference; fileEncoding = 4; lastKnownFileType = sourcecode.c.h; path = User.h; sourceTree = "<group>"; };
		3F6AA849196A7BA400422C5F /* User.m */ = {isa = PBXFileReference; fileEncoding = 4; lastKnownFileType = sourcecode.c.objc; path = User.m; sourceTree = "<group>"; };
		3F6AA84B196A87E200422C5F /* GGZTimelineViewController.h */ = {isa = PBXFileReference; fileEncoding = 4; lastKnownFileType = sourcecode.c.h; path = GGZTimelineViewController.h; sourceTree = "<group>"; };
		3F6AA84C196A87E200422C5F /* GGZTimelineViewController.m */ = {isa = PBXFileReference; fileEncoding = 4; lastKnownFileType = sourcecode.c.objc; path = GGZTimelineViewController.m; sourceTree = "<group>"; };
		3F6AA84D196A87E200422C5F /* GGZTimelineViewController.xib */ = {isa = PBXFileReference; fileEncoding = 4; lastKnownFileType = file.xib; path = GGZTimelineViewController.xib; sourceTree = "<group>"; };
		3F6AA850196A882C00422C5F /* GGZTweetCellTableViewCell.h */ = {isa = PBXFileReference; fileEncoding = 4; lastKnownFileType = sourcecode.c.h; path = GGZTweetCellTableViewCell.h; sourceTree = "<group>"; };
		3F6AA851196A882C00422C5F /* GGZTweetCellTableViewCell.m */ = {isa = PBXFileReference; fileEncoding = 4; lastKnownFileType = sourcecode.c.objc; path = GGZTweetCellTableViewCell.m; sourceTree = "<group>"; };
		3F6AA852196A882C00422C5F /* GGZTweetCellTableViewCell.xib */ = {isa = PBXFileReference; fileEncoding = 4; lastKnownFileType = file.xib; path = GGZTweetCellTableViewCell.xib; sourceTree = "<group>"; };
		3FAABF70196B3C4C00E22A33 /* TwitterDateUtil.h */ = {isa = PBXFileReference; fileEncoding = 4; lastKnownFileType = sourcecode.c.h; path = TwitterDateUtil.h; sourceTree = "<group>"; };
		3FAABF71196B3C4C00E22A33 /* TwitterDateUtil.m */ = {isa = PBXFileReference; fileEncoding = 4; lastKnownFileType = sourcecode.c.objc; path = TwitterDateUtil.m; sourceTree = "<group>"; };
		3FAABF73196B621200E22A33 /* RestObject.h */ = {isa = PBXFileReference; fileEncoding = 4; lastKnownFileType = sourcecode.c.h; path = RestObject.h; sourceTree = "<group>"; };
		3FAABF74196B621200E22A33 /* RestObject.m */ = {isa = PBXFileReference; fileEncoding = 4; lastKnownFileType = sourcecode.c.objc; path = RestObject.m; sourceTree = "<group>"; };
		3FAABF76196B871200E22A33 /* GGZTweetViewController.h */ = {isa = PBXFileReference; fileEncoding = 4; lastKnownFileType = sourcecode.c.h; path = GGZTweetViewController.h; sourceTree = "<group>"; };
		3FAABF77196B871200E22A33 /* GGZTweetViewController.m */ = {isa = PBXFileReference; fileEncoding = 4; lastKnownFileType = sourcecode.c.objc; path = GGZTweetViewController.m; sourceTree = "<group>"; };
		3FAABF78196B871200E22A33 /* GGZTweetViewController.xib */ = {isa = PBXFileReference; fileEncoding = 4; lastKnownFileType = file.xib; path = GGZTweetViewController.xib; sourceTree = "<group>"; };
		3FAABF7B196C9FEF00E22A33 /* GGZComposeViewController.h */ = {isa = PBXFileReference; fileEncoding = 4; lastKnownFileType = sourcecode.c.h; path = GGZComposeViewController.h; sourceTree = "<group>"; };
		3FAABF7C196C9FEF00E22A33 /* GGZComposeViewController.m */ = {isa = PBXFileReference; fileEncoding = 4; lastKnownFileType = sourcecode.c.objc; path = GGZComposeViewController.m; sourceTree = "<group>"; };
		3FAABF7D196C9FEF00E22A33 /* GGZComposeViewController.xib */ = {isa = PBXFileReference; fileEncoding = 4; lastKnownFileType = file.xib; path = GGZComposeViewController.xib; sourceTree = "<group>"; };
		3FBB5F3019662EA40068CD2A /* TwitterClient.app */ = {isa = PBXFileReference; explicitFileType = wrapper.application; includeInIndex = 0; path = TwitterClient.app; sourceTree = BUILT_PRODUCTS_DIR; };
		3FBB5F3319662EA40068CD2A /* Foundation.framework */ = {isa = PBXFileReference; lastKnownFileType = wrapper.framework; name = Foundation.framework; path = System/Library/Frameworks/Foundation.framework; sourceTree = SDKROOT; };
		3FBB5F3519662EA40068CD2A /* CoreGraphics.framework */ = {isa = PBXFileReference; lastKnownFileType = wrapper.framework; name = CoreGraphics.framework; path = System/Library/Frameworks/CoreGraphics.framework; sourceTree = SDKROOT; };
		3FBB5F3719662EA40068CD2A /* UIKit.framework */ = {isa = PBXFileReference; lastKnownFileType = wrapper.framework; name = UIKit.framework; path = System/Library/Frameworks/UIKit.framework; sourceTree = SDKROOT; };
		3FBB5F3B19662EA40068CD2A /* TwitterClient-Info.plist */ = {isa = PBXFileReference; lastKnownFileType = text.plist.xml; path = "TwitterClient-Info.plist"; sourceTree = "<group>"; };
		3FBB5F3D19662EA40068CD2A /* en */ = {isa = PBXFileReference; lastKnownFileType = text.plist.strings; name = en; path = en.lproj/InfoPlist.strings; sourceTree = "<group>"; };
		3FBB5F3F19662EA40068CD2A /* main.m */ = {isa = PBXFileReference; lastKnownFileType = sourcecode.c.objc; path = main.m; sourceTree = "<group>"; };
		3FBB5F4119662EA40068CD2A /* TwitterClient-Prefix.pch */ = {isa = PBXFileReference; lastKnownFileType = sourcecode.c.h; path = "TwitterClient-Prefix.pch"; sourceTree = "<group>"; };
		3FBB5F4219662EA40068CD2A /* GGZAppDelegate.h */ = {isa = PBXFileReference; lastKnownFileType = sourcecode.c.h; path = GGZAppDelegate.h; sourceTree = "<group>"; };
		3FBB5F4319662EA40068CD2A /* GGZAppDelegate.m */ = {isa = PBXFileReference; lastKnownFileType = sourcecode.c.objc; path = GGZAppDelegate.m; sourceTree = "<group>"; };
		3FBB5F4519662EA40068CD2A /* Images.xcassets */ = {isa = PBXFileReference; lastKnownFileType = folder.assetcatalog; path = Images.xcassets; sourceTree = "<group>"; };
		3FBB5F4B19662EA40068CD2A /* TwitterClientTests.xctest */ = {isa = PBXFileReference; explicitFileType = wrapper.cfbundle; includeInIndex = 0; path = TwitterClientTests.xctest; sourceTree = BUILT_PRODUCTS_DIR; };
		3FBB5F4C19662EA40068CD2A /* XCTest.framework */ = {isa = PBXFileReference; lastKnownFileType = wrapper.framework; name = XCTest.framework; path = Library/Frameworks/XCTest.framework; sourceTree = DEVELOPER_DIR; };
		3FBB5F5419662EA40068CD2A /* TwitterClientTests-Info.plist */ = {isa = PBXFileReference; lastKnownFileType = text.plist.xml; path = "TwitterClientTests-Info.plist"; sourceTree = "<group>"; };
		3FBB5F5619662EA40068CD2A /* en */ = {isa = PBXFileReference; lastKnownFileType = text.plist.strings; name = en; path = en.lproj/InfoPlist.strings; sourceTree = "<group>"; };
		3FBB5F5819662EA40068CD2A /* TwitterClientTests.m */ = {isa = PBXFileReference; lastKnownFileType = sourcecode.c.objc; path = TwitterClientTests.m; sourceTree = "<group>"; };
		C1628BA8CC5544A0AFA7F0F8 /* libPods-TwitterClient.a */ = {isa = PBXFileReference; explicitFileType = archive.ar; includeInIndex = 0; path = "libPods-TwitterClient.a"; sourceTree = BUILT_PRODUCTS_DIR; };
/* End PBXFileReference section */

/* Begin PBXFrameworksBuildPhase section */
		3FBB5F2D19662EA40068CD2A /* Frameworks */ = {
			isa = PBXFrameworksBuildPhase;
			buildActionMask = 2147483647;
			files = (
				3FBB5F3619662EA40068CD2A /* CoreGraphics.framework in Frameworks */,
				3FBB5F3819662EA40068CD2A /* UIKit.framework in Frameworks */,
				3FBB5F3419662EA40068CD2A /* Foundation.framework in Frameworks */,
				C76AB54676B04223BCC3DD7F /* libPods-TwitterClient.a in Frameworks */,
			);
			runOnlyForDeploymentPostprocessing = 0;
		};
		3FBB5F4819662EA40068CD2A /* Frameworks */ = {
			isa = PBXFrameworksBuildPhase;
			buildActionMask = 2147483647;
			files = (
				3FBB5F4D19662EA40068CD2A /* XCTest.framework in Frameworks */,
				3FBB5F4F19662EA40068CD2A /* UIKit.framework in Frameworks */,
				3FBB5F4E19662EA40068CD2A /* Foundation.framework in Frameworks */,
			);
			runOnlyForDeploymentPostprocessing = 0;
		};
/* End PBXFrameworksBuildPhase section */

/* Begin PBXGroup section */
		3F051B2419663C5E00FC346D /* Views */ = {
			isa = PBXGroup;
			children = (
				3F6AA850196A882C00422C5F /* GGZTweetCellTableViewCell.h */,
				3F6AA851196A882C00422C5F /* GGZTweetCellTableViewCell.m */,
				3F6AA852196A882C00422C5F /* GGZTweetCellTableViewCell.xib */,
			);
			name = Views;
			path = ..;
			sourceTree = "<group>";
		};
		3F051B2519663C6C00FC346D /* ViewControllers */ = {
			isa = PBXGroup;
			children = (
				3F6AA83F196A168A00422C5F /* GGZLoginViewController.h */,
				3F6AA840196A168A00422C5F /* GGZLoginViewController.m */,
				3F6AA841196A168A00422C5F /* GGZLoginViewController.xib */,
				3F6AA84B196A87E200422C5F /* GGZTimelineViewController.h */,
				3F6AA84C196A87E200422C5F /* GGZTimelineViewController.m */,
				3F6AA84D196A87E200422C5F /* GGZTimelineViewController.xib */,
				3FAABF76196B871200E22A33 /* GGZTweetViewController.h */,
				3FAABF77196B871200E22A33 /* GGZTweetViewController.m */,
				3FAABF78196B871200E22A33 /* GGZTweetViewController.xib */,
				3FAABF7B196C9FEF00E22A33 /* GGZComposeViewController.h */,
				3FAABF7C196C9FEF00E22A33 /* GGZComposeViewController.m */,
				3FAABF7D196C9FEF00E22A33 /* GGZComposeViewController.xib */,
			);
			name = ViewControllers;
			path = ..;
			sourceTree = "<group>";
		};
		3F051B2619663CC800FC346D /* API */ = {
			isa = PBXGroup;
			children = (
				3F051B2719663D7600FC346D /* TwitterClient.h */,
				3F051B2819663D7600FC346D /* TwitterClient.m */,
				3F6AA844196A3BEA00422C5F /* NSURL+dictionaryFromQueryString.h */,
				3F6AA845196A3BEA00422C5F /* NSURL+dictionaryFromQueryString.m */,
				3FAABF70196B3C4C00E22A33 /* TwitterDateUtil.h */,
				3FAABF71196B3C4C00E22A33 /* TwitterDateUtil.m */,
			);
			name = API;
			sourceTree = "<group>";
		};
		3F6AA847196A7B8200422C5F /* Models */ = {
			isa = PBXGroup;
			children = (
				3F6AA848196A7BA400422C5F /* User.h */,
				3F6AA849196A7BA400422C5F /* User.m */,
				3FAABF73196B621200E22A33 /* RestObject.h */,
				3FAABF74196B621200E22A33 /* RestObject.m */,
			);
			name = Models;
			sourceTree = "<group>";
		};
		3FBB5F2719662EA40068CD2A = {
			isa = PBXGroup;
			children = (
				3FBB5F3919662EA40068CD2A /* TwitterClient */,
				3FBB5F5219662EA40068CD2A /* TwitterClientTests */,
				3FBB5F3219662EA40068CD2A /* Frameworks */,
				3FBB5F3119662EA40068CD2A /* Products */,
				097583675B2146B2971DABE6 /* Pods-TwitterClient.xcconfig */,
			);
			sourceTree = "<group>";
		};
		3FBB5F3119662EA40068CD2A /* Products */ = {
			isa = PBXGroup;
			children = (
				3FBB5F3019662EA40068CD2A /* TwitterClient.app */,
				3FBB5F4B19662EA40068CD2A /* TwitterClientTests.xctest */,
			);
			name = Products;
			sourceTree = "<group>";
		};
		3FBB5F3219662EA40068CD2A /* Frameworks */ = {
			isa = PBXGroup;
			children = (
				3FBB5F3319662EA40068CD2A /* Foundation.framework */,
				3FBB5F3519662EA40068CD2A /* CoreGraphics.framework */,
				3FBB5F3719662EA40068CD2A /* UIKit.framework */,
				3FBB5F4C19662EA40068CD2A /* XCTest.framework */,
				C1628BA8CC5544A0AFA7F0F8 /* libPods-TwitterClient.a */,
			);
			name = Frameworks;
			sourceTree = "<group>";
		};
		3FBB5F3919662EA40068CD2A /* TwitterClient */ = {
			isa = PBXGroup;
			children = (
				3F6AA847196A7B8200422C5F /* Models */,
				3F051B2619663CC800FC346D /* API */,
				3F051B2519663C6C00FC346D /* ViewControllers */,
				3F051B2419663C5E00FC346D /* Views */,
				3FBB5F4219662EA40068CD2A /* GGZAppDelegate.h */,
				3FBB5F4319662EA40068CD2A /* GGZAppDelegate.m */,
				3FBB5F4519662EA40068CD2A /* Images.xcassets */,
				3FBB5F3A19662EA40068CD2A /* Supporting Files */,
			);
			path = TwitterClient;
			sourceTree = "<group>";
		};
		3FBB5F3A19662EA40068CD2A /* Supporting Files */ = {
			isa = PBXGroup;
			children = (
				3FBB5F3B19662EA40068CD2A /* TwitterClient-Info.plist */,
				3FBB5F3C19662EA40068CD2A /* InfoPlist.strings */,
				3FBB5F3F19662EA40068CD2A /* main.m */,
				3FBB5F4119662EA40068CD2A /* TwitterClient-Prefix.pch */,
			);
			name = "Supporting Files";
			sourceTree = "<group>";
		};
		3FBB5F5219662EA40068CD2A /* TwitterClientTests */ = {
			isa = PBXGroup;
			children = (
				3FBB5F5819662EA40068CD2A /* TwitterClientTests.m */,
				3FBB5F5319662EA40068CD2A /* Supporting Files */,
			);
			path = TwitterClientTests;
			sourceTree = "<group>";
		};
		3FBB5F5319662EA40068CD2A /* Supporting Files */ = {
			isa = PBXGroup;
			children = (
				3FBB5F5419662EA40068CD2A /* TwitterClientTests-Info.plist */,
				3FBB5F5519662EA40068CD2A /* InfoPlist.strings */,
			);
			name = "Supporting Files";
			sourceTree = "<group>";
		};
/* End PBXGroup section */

/* Begin PBXNativeTarget section */
		3FBB5F2F19662EA40068CD2A /* TwitterClient */ = {
			isa = PBXNativeTarget;
			buildConfigurationList = 3FBB5F5C19662EA40068CD2A /* Build configuration list for PBXNativeTarget "TwitterClient" */;
			buildPhases = (
				4BFF1889C1DB4D7683DD23E5 /* Check Pods Manifest.lock */,
				3FBB5F2C19662EA40068CD2A /* Sources */,
				3FBB5F2D19662EA40068CD2A /* Frameworks */,
				3FBB5F2E19662EA40068CD2A /* Resources */,
				8910C75711B1457FA3993889 /* Copy Pods Resources */,
			);
			buildRules = (
			);
			dependencies = (
			);
			name = TwitterClient;
			productName = TwitterClient;
			productReference = 3FBB5F3019662EA40068CD2A /* TwitterClient.app */;
			productType = "com.apple.product-type.application";
		};
		3FBB5F4A19662EA40068CD2A /* TwitterClientTests */ = {
			isa = PBXNativeTarget;
			buildConfigurationList = 3FBB5F5F19662EA40068CD2A /* Build configuration list for PBXNativeTarget "TwitterClientTests" */;
			buildPhases = (
				3FBB5F4719662EA40068CD2A /* Sources */,
				3FBB5F4819662EA40068CD2A /* Frameworks */,
				3FBB5F4919662EA40068CD2A /* Resources */,
			);
			buildRules = (
			);
			dependencies = (
				3FBB5F5119662EA40068CD2A /* PBXTargetDependency */,
			);
			name = TwitterClientTests;
			productName = TwitterClientTests;
			productReference = 3FBB5F4B19662EA40068CD2A /* TwitterClientTests.xctest */;
			productType = "com.apple.product-type.bundle.unit-test";
		};
/* End PBXNativeTarget section */

/* Begin PBXProject section */
		3FBB5F2819662EA40068CD2A /* Project object */ = {
			isa = PBXProject;
			attributes = {
				CLASSPREFIX = GGZ;
				LastUpgradeCheck = 0510;
				ORGANIZATIONNAME = gzge;
				TargetAttributes = {
					3FBB5F4A19662EA40068CD2A = {
						TestTargetID = 3FBB5F2F19662EA40068CD2A;
					};
				};
			};
			buildConfigurationList = 3FBB5F2B19662EA40068CD2A /* Build configuration list for PBXProject "TwitterClient" */;
			compatibilityVersion = "Xcode 3.2";
			developmentRegion = English;
			hasScannedForEncodings = 0;
			knownRegions = (
				en,
			);
			mainGroup = 3FBB5F2719662EA40068CD2A;
			productRefGroup = 3FBB5F3119662EA40068CD2A /* Products */;
			projectDirPath = "";
			projectRoot = "";
			targets = (
				3FBB5F2F19662EA40068CD2A /* TwitterClient */,
				3FBB5F4A19662EA40068CD2A /* TwitterClientTests */,
			);
		};
/* End PBXProject section */

/* Begin PBXResourcesBuildPhase section */
		3FBB5F2E19662EA40068CD2A /* Resources */ = {
			isa = PBXResourcesBuildPhase;
			buildActionMask = 2147483647;
			files = (
				3FAABF7F196C9FEF00E22A33 /* GGZComposeViewController.xib in Resources */,
				3F6AA84F196A87E200422C5F /* GGZTimelineViewController.xib in Resources */,
				3F6AA843196A168A00422C5F /* GGZLoginViewController.xib in Resources */,
				3F6AA854196A882C00422C5F /* GGZTweetCellTableViewCell.xib in Resources */,
				3FAABF7A196B871200E22A33 /* GGZTweetViewController.xib in Resources */,
				3FBB5F3E19662EA40068CD2A /* InfoPlist.strings in Resources */,
				3FBB5F4619662EA40068CD2A /* Images.xcassets in Resources */,
			);
			runOnlyForDeploymentPostprocessing = 0;
		};
		3FBB5F4919662EA40068CD2A /* Resources */ = {
			isa = PBXResourcesBuildPhase;
			buildActionMask = 2147483647;
			files = (
				3FBB5F5719662EA40068CD2A /* InfoPlist.strings in Resources */,
			);
			runOnlyForDeploymentPostprocessing = 0;
		};
/* End PBXResourcesBuildPhase section */

/* Begin PBXShellScriptBuildPhase section */
		4BFF1889C1DB4D7683DD23E5 /* Check Pods Manifest.lock */ = {
			isa = PBXShellScriptBuildPhase;
			buildActionMask = 2147483647;
			files = (
			);
			inputPaths = (
			);
			name = "Check Pods Manifest.lock";
			outputPaths = (
			);
			runOnlyForDeploymentPostprocessing = 0;
			shellPath = /bin/sh;
			shellScript = "diff \"${PODS_ROOT}/../Podfile.lock\" \"${PODS_ROOT}/Manifest.lock\" > /dev/null\nif [[ $? != 0 ]] ; then\n    cat << EOM\nerror: The sandbox is not in sync with the Podfile.lock. Run 'pod install' or update your CocoaPods installation.\nEOM\n    exit 1\nfi\n";
			showEnvVarsInLog = 0;
		};
		8910C75711B1457FA3993889 /* Copy Pods Resources */ = {
			isa = PBXShellScriptBuildPhase;
			buildActionMask = 2147483647;
			files = (
			);
			inputPaths = (
			);
			name = "Copy Pods Resources";
			outputPaths = (
			);
			runOnlyForDeploymentPostprocessing = 0;
			shellPath = /bin/sh;
			shellScript = "\"${SRCROOT}/Pods/Pods-TwitterClient-resources.sh\"\n";
			showEnvVarsInLog = 0;
		};
/* End PBXShellScriptBuildPhase section */

/* Begin PBXSourcesBuildPhase section */
		3FBB5F2C19662EA40068CD2A /* Sources */ = {
			isa = PBXSourcesBuildPhase;
			buildActionMask = 2147483647;
			files = (
				3F6AA84E196A87E200422C5F /* GGZTimelineViewController.m in Sources */,
				3FAABF79196B871200E22A33 /* GGZTweetViewController.m in Sources */,
				3FBB5F4019662EA40068CD2A /* main.m in Sources */,
				3F6AA853196A882C00422C5F /* GGZTweetCellTableViewCell.m in Sources */,
				3F051B2919663D7600FC346D /* TwitterClient.m in Sources */,
				3FAABF75196B621200E22A33 /* RestObject.m in Sources */,
				3F6AA84A196A7BA400422C5F /* User.m in Sources */,
				3F6AA846196A3BEA00422C5F /* NSURL+dictionaryFromQueryString.m in Sources */,
				3FAABF72196B3C4C00E22A33 /* TwitterDateUtil.m in Sources */,
				3FBB5F4419662EA40068CD2A /* GGZAppDelegate.m in Sources */,
				3FAABF7E196C9FEF00E22A33 /* GGZComposeViewController.m in Sources */,
				3F6AA842196A168A00422C5F /* GGZLoginViewController.m in Sources */,
			);
			runOnlyForDeploymentPostprocessing = 0;
		};
		3FBB5F4719662EA40068CD2A /* Sources */ = {
			isa = PBXSourcesBuildPhase;
			buildActionMask = 2147483647;
			files = (
				3FBB5F5919662EA40068CD2A /* TwitterClientTests.m in Sources */,
			);
			runOnlyForDeploymentPostprocessing = 0;
		};
/* End PBXSourcesBuildPhase section */

/* Begin PBXTargetDependency section */
		3FBB5F5119662EA40068CD2A /* PBXTargetDependency */ = {
			isa = PBXTargetDependency;
			target = 3FBB5F2F19662EA40068CD2A /* TwitterClient */;
			targetProxy = 3FBB5F5019662EA40068CD2A /* PBXContainerItemProxy */;
		};
/* End PBXTargetDependency section */

/* Begin PBXVariantGroup section */
		3FBB5F3C19662EA40068CD2A /* InfoPlist.strings */ = {
			isa = PBXVariantGroup;
			children = (
				3FBB5F3D19662EA40068CD2A /* en */,
			);
			name = InfoPlist.strings;
			sourceTree = "<group>";
		};
		3FBB5F5519662EA40068CD2A /* InfoPlist.strings */ = {
			isa = PBXVariantGroup;
			children = (
				3FBB5F5619662EA40068CD2A /* en */,
			);
			name = InfoPlist.strings;
			sourceTree = "<group>";
		};
/* End PBXVariantGroup section */

/* Begin XCBuildConfiguration section */
		3FBB5F5A19662EA40068CD2A /* Debug */ = {
			isa = XCBuildConfiguration;
			buildSettings = {
				ALWAYS_SEARCH_USER_PATHS = NO;
				CLANG_CXX_LANGUAGE_STANDARD = "gnu++0x";
				CLANG_CXX_LIBRARY = "libc++";
				CLANG_ENABLE_MODULES = YES;
				CLANG_ENABLE_OBJC_ARC = YES;
				CLANG_WARN_BOOL_CONVERSION = YES;
				CLANG_WARN_CONSTANT_CONVERSION = YES;
				CLANG_WARN_DIRECT_OBJC_ISA_USAGE = YES_ERROR;
				CLANG_WARN_EMPTY_BODY = YES;
				CLANG_WARN_ENUM_CONVERSION = YES;
				CLANG_WARN_INT_CONVERSION = YES;
				CLANG_WARN_OBJC_ROOT_CLASS = YES_ERROR;
				CLANG_WARN__DUPLICATE_METHOD_MATCH = YES;
				"CODE_SIGN_IDENTITY[sdk=iphoneos*]" = "iPhone Developer";
				COPY_PHASE_STRIP = NO;
				GCC_C_LANGUAGE_STANDARD = gnu99;
				GCC_DYNAMIC_NO_PIC = NO;
				GCC_OPTIMIZATION_LEVEL = 0;
				GCC_PREPROCESSOR_DEFINITIONS = (
					"DEBUG=1",
					"$(inherited)",
				);
				GCC_SYMBOLS_PRIVATE_EXTERN = NO;
				GCC_WARN_64_TO_32_BIT_CONVERSION = YES;
				GCC_WARN_ABOUT_RETURN_TYPE = YES_ERROR;
				GCC_WARN_UNDECLARED_SELECTOR = YES;
				GCC_WARN_UNINITIALIZED_AUTOS = YES_AGGRESSIVE;
				GCC_WARN_UNUSED_FUNCTION = YES;
				GCC_WARN_UNUSED_VARIABLE = YES;
				IPHONEOS_DEPLOYMENT_TARGET = 7.1;
				ONLY_ACTIVE_ARCH = YES;
				SDKROOT = iphoneos;
				TARGETED_DEVICE_FAMILY = "1,2";
			};
			name = Debug;
		};
		3FBB5F5B19662EA40068CD2A /* Release */ = {
			isa = XCBuildConfiguration;
			buildSettings = {
				ALWAYS_SEARCH_USER_PATHS = NO;
				CLANG_CXX_LANGUAGE_STANDARD = "gnu++0x";
				CLANG_CXX_LIBRARY = "libc++";
				CLANG_ENABLE_MODULES = YES;
				CLANG_ENABLE_OBJC_ARC = YES;
				CLANG_WARN_BOOL_CONVERSION = YES;
				CLANG_WARN_CONSTANT_CONVERSION = YES;
				CLANG_WARN_DIRECT_OBJC_ISA_USAGE = YES_ERROR;
				CLANG_WARN_EMPTY_BODY = YES;
				CLANG_WARN_ENUM_CONVERSION = YES;
				CLANG_WARN_INT_CONVERSION = YES;
				CLANG_WARN_OBJC_ROOT_CLASS = YES_ERROR;
				CLANG_WARN__DUPLICATE_METHOD_MATCH = YES;
				"CODE_SIGN_IDENTITY[sdk=iphoneos*]" = "iPhone Developer";
				COPY_PHASE_STRIP = YES;
				ENABLE_NS_ASSERTIONS = NO;
				GCC_C_LANGUAGE_STANDARD = gnu99;
				GCC_WARN_64_TO_32_BIT_CONVERSION = YES;
				GCC_WARN_ABOUT_RETURN_TYPE = YES_ERROR;
				GCC_WARN_UNDECLARED_SELECTOR = YES;
				GCC_WARN_UNINITIALIZED_AUTOS = YES_AGGRESSIVE;
				GCC_WARN_UNUSED_FUNCTION = YES;
				GCC_WARN_UNUSED_VARIABLE = YES;
				IPHONEOS_DEPLOYMENT_TARGET = 7.1;
				SDKROOT = iphoneos;
				TARGETED_DEVICE_FAMILY = "1,2";
				VALIDATE_PRODUCT = YES;
			};
			name = Release;
		};
		3FBB5F5D19662EA40068CD2A /* Debug */ = {
			isa = XCBuildConfiguration;
			baseConfigurationReference = 097583675B2146B2971DABE6 /* Pods-TwitterClient.xcconfig */;
			buildSettings = {
				ASSETCATALOG_COMPILER_APPICON_NAME = AppIcon;
				ASSETCATALOG_COMPILER_LAUNCHIMAGE_NAME = LaunchImage;
				GCC_PRECOMPILE_PREFIX_HEADER = YES;
				GCC_PREFIX_HEADER = "TwitterClient/TwitterClient-Prefix.pch";
				INFOPLIST_FILE = "TwitterClient/TwitterClient-Info.plist";
				IPHONEOS_DEPLOYMENT_TARGET = 7.1;
				PRODUCT_NAME = "$(TARGET_NAME)";
				WRAPPER_EXTENSION = app;
			};
			name = Debug;
		};
		3FBB5F5E19662EA40068CD2A /* Release */ = {
			isa = XCBuildConfiguration;
			baseConfigurationReference = 097583675B2146B2971DABE6 /* Pods-TwitterClient.xcconfig */;
			buildSettings = {
				ASSETCATALOG_COMPILER_APPICON_NAME = AppIcon;
				ASSETCATALOG_COMPILER_LAUNCHIMAGE_NAME = LaunchImage;
				GCC_PRECOMPILE_PREFIX_HEADER = YES;
				GCC_PREFIX_HEADER = "TwitterClient/TwitterClient-Prefix.pch";
				INFOPLIST_FILE = "TwitterClient/TwitterClient-Info.plist";
				IPHONEOS_DEPLOYMENT_TARGET = 7.1;
				PRODUCT_NAME = "$(TARGET_NAME)";
				WRAPPER_EXTENSION = app;
			};
			name = Release;
		};
		3FBB5F6019662EA40068CD2A /* Debug */ = {
			isa = XCBuildConfiguration;
			buildSettings = {
				BUNDLE_LOADER = "$(BUILT_PRODUCTS_DIR)/TwitterClient.app/TwitterClient";
				FRAMEWORK_SEARCH_PATHS = (
					"$(SDKROOT)/Developer/Library/Frameworks",
					"$(inherited)",
					"$(DEVELOPER_FRAMEWORKS_DIR)",
				);
				GCC_PRECOMPILE_PREFIX_HEADER = YES;
				GCC_PREFIX_HEADER = "TwitterClient/TwitterClient-Prefix.pch";
				GCC_PREPROCESSOR_DEFINITIONS = (
					"DEBUG=1",
					"$(inherited)",
				);
				INFOPLIST_FILE = "TwitterClientTests/TwitterClientTests-Info.plist";
				PRODUCT_NAME = "$(TARGET_NAME)";
				TEST_HOST = "$(BUNDLE_LOADER)";
				WRAPPER_EXTENSION = xctest;
			};
			name = Debug;
		};
		3FBB5F6119662EA40068CD2A /* Release */ = {
			isa = XCBuildConfiguration;
			buildSettings = {
				BUNDLE_LOADER = "$(BUILT_PRODUCTS_DIR)/TwitterClient.app/TwitterClient";
				FRAMEWORK_SEARCH_PATHS = (
					"$(SDKROOT)/Developer/Library/Frameworks",
					"$(inherited)",
					"$(DEVELOPER_FRAMEWORKS_DIR)",
				);
				GCC_PRECOMPILE_PREFIX_HEADER = YES;
				GCC_PREFIX_HEADER = "TwitterClient/TwitterClient-Prefix.pch";
				INFOPLIST_FILE = "TwitterClientTests/TwitterClientTests-Info.plist";
				PRODUCT_NAME = "$(TARGET_NAME)";
				TEST_HOST = "$(BUNDLE_LOADER)";
				WRAPPER_EXTENSION = xctest;
			};
			name = Release;
		};
/* End XCBuildConfiguration section */

/* Begin XCConfigurationList section */
		3FBB5F2B19662EA40068CD2A /* Build configuration list for PBXProject "TwitterClient" */ = {
			isa = XCConfigurationList;
			buildConfigurations = (
				3FBB5F5A19662EA40068CD2A /* Debug */,
				3FBB5F5B19662EA40068CD2A /* Release */,
			);
			defaultConfigurationIsVisible = 0;
			defaultConfigurationName = Release;
		};
		3FBB5F5C19662EA40068CD2A /* Build configuration list for PBXNativeTarget "TwitterClient" */ = {
			isa = XCConfigurationList;
			buildConfigurations = (
				3FBB5F5D19662EA40068CD2A /* Debug */,
				3FBB5F5E19662EA40068CD2A /* Release */,
			);
			defaultConfigurationIsVisible = 0;
			defaultConfigurationName = Release;
		};
		3FBB5F5F19662EA40068CD2A /* Build configuration list for PBXNativeTarget "TwitterClientTests" */ = {
			isa = XCConfigurationList;
			buildConfigurations = (
				3FBB5F6019662EA40068CD2A /* Debug */,
				3FBB5F6119662EA40068CD2A /* Release */,
			);
			defaultConfigurationIsVisible = 0;
			defaultConfigurationName = Release;
		};
/* End XCConfigurationList section */
	};
	rootObject = 3FBB5F2819662EA40068CD2A /* Project object */;
}
